
Microsoft Visual Studio Solution File, Format Version 12.00
# Visual Studio Version 16
VisualStudioVersion = 16.0.32929.386
MinimumVisualStudioVersion = 10.0.40219.1
Project("{FAE04EC0-301F-11D3-BF4B-00C04F79EFBC}") = "VehicleRenting", "VehicleRenting\VehicleRenting.csproj", "{5BDA5C1C-A512-475E-AEC3-B03655AF2E9D}"
EndProject
Global
	GlobalSection(SolutionConfigurationPlatforms) = preSolution
		Debug|Any CPU = Debug|Any CPU
		Release|Any CPU = Release|Any CPU
	EndGlobalSection
	GlobalSection(ProjectConfigurationPlatforms) = postSolution
		{5BDA5C1C-A512-475E-AEC3-B03655AF2E9D}.Debug|Any CPU.ActiveCfg = Debug|Any CPU
		{5BDA5C1C-A512-475E-AEC3-B03655AF2E9D}.Debug|Any CPU.Build.0 = Debug|Any CPU
		{5BDA5C1C-A512-475E-AEC3-B03655AF2E9D}.Release|Any CPU.ActiveCfg = Release|Any CPU
		{5BDA5C1C-A512-475E-AEC3-B03655AF2E9D}.Release|Any CPU.Build.0 = Release|Any CPU
	EndGlobalSection
	GlobalSection(SolutionProperties) = preSolution
		HideSolutionNode = FALSE
	EndGlobalSection
	GlobalSection(ExtensibilityGlobals) = postSolution
		SolutionGuid = {3F9438F0-6E95-40A2-9351-E548D1B6E5E9}
	EndGlobalSection
EndGlobal
